
Microsoft Visual Studio Solution File, Format Version 12.00
# Visual Studio 15
VisualStudioVersion = 15.0.28010.2026
MinimumVisualStudioVersion = 10.0.40219.1
Project("{FAE04EC0-301F-11D3-BF4B-00C04F79EFBC}") = "OOP", "OOP\OOP.csproj", "{C2C40C1E-6C08-4B73-A2C1-85385A1ADEDA}"
EndProject
Global
	GlobalSection(SolutionConfigurationPlatforms) = preSolution
		Debug|Any CPU = Debug|Any CPU
		Release|Any CPU = Release|Any CPU
	EndGlobalSection
	GlobalSection(ProjectConfigurationPlatforms) = postSolution
		{C2C40C1E-6C08-4B73-A2C1-85385A1ADEDA}.Debug|Any CPU.ActiveCfg = Debug|Any CPU
		{C2C40C1E-6C08-4B73-A2C1-85385A1ADEDA}.Debug|Any CPU.Build.0 = Debug|Any CPU
		{C2C40C1E-6C08-4B73-A2C1-85385A1ADEDA}.Release|Any CPU.ActiveCfg = Release|Any CPU
		{C2C40C1E-6C08-4B73-A2C1-85385A1ADEDA}.Release|Any CPU.Build.0 = Release|Any CPU
	EndGlobalSection
	GlobalSection(SolutionProperties) = preSolution
		HideSolutionNode = FALSE
	EndGlobalSection
	GlobalSection(ExtensibilityGlobals) = postSolution
		SolutionGuid = {30540FFE-EF3B-4BB5-BE8E-F821F37B167E}
	EndGlobalSection
EndGlobal
